Microsoft Visual Studio Solution File, Format Version 12.00
# Visual Studio Version 17
VisualStudioVersion = 17.13.35828.75
MinimumVisualStudioVersion = 10.0.40219.1
Project("{FAE04EC0-301F-11D3-BF4B-00C04F79EFBC}") = "Shooting Game", "Shooting Game\Shooting Game.csproj", "{FC55A25E-3270-4BAC-8B9F-008C50F2034B}"
EndProject
Global
	GlobalSection(SolutionConfigurationPlatforms) = preSolution
		Debug|Any CPU = Debug|Any CPU
		Release|Any CPU = Release|Any CPU
	EndGlobalSection
	GlobalSection(ProjectConfigurationPlatforms) = postSolution
		{FC55A25E-3270-4BAC-8B9F-008C50F2034B}.Debug|Any CPU.ActiveCfg = Debug|Any CPU
		{FC55A25E-3270-4BAC-8B9F-008C50F2034B}.Debug|Any CPU.Build.0 = Debug|Any CPU
		{FC55A25E-3270-4BAC-8B9F-008C50F2034B}.Release|Any CPU.ActiveCfg = Release|Any CPU
		{FC55A25E-3270-4BAC-8B9F-008C50F2034B}.Release|Any CPU.Build.0 = Release|Any CPU
	EndGlobalSection
	GlobalSection(SolutionProperties) = preSolution
		HideSolutionNode = FALSE
	EndGlobalSection
	GlobalSection(ExtensibilityGlobals) = postSolution
		SolutionGuid = {F8014367-7C61-4DD6-9218-AA1153FFAE29}
	EndGlobalSection
EndGlobal
